{
  "nodes": {
    "cachyos-kernel": {
      "flake": false,
      "locked": {
        "lastModified": 1785001338,
        "narHash": "sha256-iX0iia6K1Z8k5ptg9zW/5Ar5AN0JbWcoM4KgW8+G1bI=",
        "owner": "CachyOS",
        "repo": "linux-cachyos",
        "rev": "fc29f6a9d1e48e0d5db29b4d53e0dbfadd0d75b0",
        "type": "github"
      },
      "original": {
        "owner": "CachyOS",
        "repo": "linux-cachyos",
        "type": "github"
      }
    },
    "cachyos-kernel-patches": {
      "flake": false,
      "locked": {
        "lastModified": 1785003520,
        "narHash": "sha256-wArbhgKHjF1oJOzFVaHlz5rTxKPreb7ezbGbwQXTXJg=",
        "owner": "CachyOS",
        "repo": "kernel-patches",
        "rev": "0fbc4adfec58c056d07adfc78d0e09bd32162853",
        "type": "github"
      },
      "original": {
        "owner": "CachyOS",
        "repo": "kernel-patches",
        "type": "github"
      }
    },
    "disko": {
      "inputs": {
        "nixpkgs": [
          "nixpkgs"
        ]
      },
      "locked": {
        "lastModified": 1781152676,
        "narHash": "sha256-RxWs5ND31KzTG7wvMM+PMfUjyNpmIEr999lqNARaM5o=",
        "owner": "nix-community",
        "repo": "disko",
        "rev": "ff8702b4de27f72b4c78573dfb89ec74e36abdf1",
        "type": "github"
      },
      "original": {
        "owner": "nix-community",
        "repo": "disko",
        "type": "github"
      }
    },
    "flake-compat": {
      "flake": false,
      "locked": {
        "lastModified": 1767039857,
        "narHash": "sha256-vNpUSpF5Nuw8xvDLj2KCwwksIbjua2LZCqhV1LNRDns=",
        "owner": "NixOS",
        "repo": "flake-compat",
        "rev": "5edf11c44bc78a0d334f6334cdaf7d60d732daab",
        "type": "github"
      },
      "original": {
        "owner": "NixOS",
        "repo": "flake-compat",
        "type": "github"
      }
    },
    "flake-compat_2": {
      "locked": {
        "lastModified": 1733328505,
        "narHash": "sha256-NeCCThCEP3eCl2l/+27kNNK7QrwZB1IJCrXfrbv5oqU=",
        "rev": "ff81ac966bb2cae68946d5ed5fc4994f96d0ffec",
        "revCount": 69,
        "type": "tarball",
        "url": "https://api.flakehub.com/f/pinned/edolstra/flake-compat/1.1.0/01948eb7-9cba-704f-bbf3-3fa956735b52/source.tar.gz"
      },
      "original": {
        "type": "tarball",
        "url": "https://flakehub.com/f/edolstra/flake-compat/1.tar.gz"
      }
    },
    "flake-compat_3": {
      "flake": false,
      "locked": {
        "lastModified": 1777699697,
        "narHash": "sha256-Eg9b/rq/ECYwNwEXs5i9wHyhxNI0JrYx2srdI2uZMaQ=",
        "ref": "refs/heads/main",
        "rev": "382052b74656a369c5408822af3f2501e9b1af81",
        "revCount": 94,
        "type": "git",
        "url": "https://git.lix.systems/lix-project/flake-compat.git"
      },
      "original": {
        "type": "git",
        "url": "https://git.lix.systems/lix-project/flake-compat.git"
      }
    },
    "flake-parts": {
      "inputs": {
        "nixpkgs-lib": "nixpkgs-lib"
      },
      "locked": {
        "lastModified": 1782949081,
        "narHash": "sha256-vp6Y/Grm98ESt6ceOkWiHWyZRDV3J1RID4w+6NWK9yA=",
        "owner": "hercules-ci",
        "repo": "flake-parts",
        "rev": "17c9d6cdfc60c64f4ee8d306f9bc0b4ccb51481e",
        "type": "github"
      },
      "original": {
        "owner": "hercules-ci",
        "repo": "flake-parts",
        "type": "github"
      }
    },
    "flake-parts_2": {
      "inputs": {
        "nixpkgs-lib": "nixpkgs-lib_2"
      },
      "locked": {
        "lastModified": 1782949081,
        "narHash": "sha256-vp6Y/Grm98ESt6ceOkWiHWyZRDV3J1RID4w+6NWK9yA=",
        "owner": "hercules-ci",
        "repo": "flake-parts",
        "rev": "17c9d6cdfc60c64f4ee8d306f9bc0b4ccb51481e",
        "type": "github"
      },
      "original": {
        "owner": "hercules-ci",
        "repo": "flake-parts",
        "type": "github"
      }
    },
    "flake-parts_3": {
      "inputs": {
        "nixpkgs-lib": "nixpkgs-lib_3"
      },
      "locked": {
        "lastModified": 1782949081,
        "narHash": "sha256-vp6Y/Grm98ESt6ceOkWiHWyZRDV3J1RID4w+6NWK9yA=",
        "owner": "hercules-ci",
        "repo": "flake-parts",
        "rev": "17c9d6cdfc60c64f4ee8d306f9bc0b4ccb51481e",
        "type": "github"
      },
      "original": {
        "owner": "hercules-ci",
        "repo": "flake-parts",
        "type": "github"
      }
    },
    "hjem": {
      "inputs": {
        "nixpkgs": [
          "nixpkgs"
        ]
      },
      "locked": {
        "lastModified": 1785121190,
        "narHash": "sha256-wYo/odcGVHPpu78Y+EbINdfUDd30CWMpwC1UsN762Ck=",
        "owner": "feel-co",
        "repo": "hjem",
        "rev": "26089c056ea561e695f74945f12872f24eb08e67",
        "type": "github"
      },
      "original": {
        "owner": "feel-co",
        "repo": "hjem",
        "type": "github"
      }
    },
    "mnw": {
      "locked": {
        "lastModified": 1780772958,
        "narHash": "sha256-VKKe8r4pwCGWZ3Yr9CPN129R4S3CKLSrlYqdYz3vKpM=",
        "owner": "Gerg-L",
        "repo": "mnw",
        "rev": "0871dbf63a53610c95db04439ed8ea4d6ec9c160",
        "type": "github"
      },
      "original": {
        "owner": "Gerg-L",
        "repo": "mnw",
        "type": "github"
      }
    },
    "nix-cachyos-kernel": {
      "inputs": {
        "cachyos-kernel": "cachyos-kernel",
        "cachyos-kernel-patches": "cachyos-kernel-patches",
        "flake-compat": "flake-compat",
        "flake-parts": "flake-parts_2",
        "nixpkgs": "nixpkgs"
      },
      "locked": {
        "lastModified": 1785091107,
        "narHash": "sha256-VoKUKqTlgSG/dSRW7vDzyB/ybRHDYvdkZv2AvBrKn4s=",
        "owner": "xddxdd",
        "repo": "nix-cachyos-kernel",
        "rev": "345615e57efc8c0969e63c3835df42305ee2ffe4",
        "type": "github"
      },
      "original": {
        "owner": "xddxdd",
        "ref": "release",
        "repo": "nix-cachyos-kernel",
        "type": "github"
      }
    },
    "nixcord": {
      "inputs": {
        "flake-compat": "flake-compat_2",
        "flake-parts": "flake-parts_3",
        "nixpkgs": [
          "nixpkgs"
        ],
        "nixpkgs-nixcord": "nixpkgs-nixcord"
      },
      "locked": {
        "lastModified": 1785126481,
        "narHash": "sha256-w5jr+V0T9c78DPfOKbG1P+XQSWaCBKTANv4xcUPq9Og=",
        "owner": "FlameFlag",
        "repo": "nixcord",
        "rev": "439ff40a1ea438c6a8a0f2359111bd99796886ea",
        "type": "github"
      },
      "original": {
        "owner": "FlameFlag",
        "repo": "nixcord",
        "type": "github"
      }
    },
    "nixpkgs": {
      "locked": {
        "lastModified": 1785049614,
        "narHash": "sha256-egAcKSNrBM9rkCUC6m+0/9Y9HoExE0aulPI4bU9dzHA=",
        "owner": "NixOS",
        "repo": "nixpkgs",
        "rev": "d99c896dc3d08b7f7eb87ca240a069f38a3c9613",
        "type": "github"
      },
      "original": {
        "owner": "NixOS",
        "ref": "nixos-unstable-small",
        "repo": "nixpkgs",
        "type": "github"
      }
    },
    "nixpkgs-lib": {
      "locked": {
        "lastModified": 1782614948,
        "narHash": "sha256-ePjCwr1sNm9NYUqywL7QfK3JnlS015msC+eBu2zKlp8=",
        "owner": "nix-community",
        "repo": "nixpkgs.lib",
        "rev": "db3f255737b94216eb71cce308e2912cf6bc2d7c",
        "type": "github"
      },
      "original": {
        "owner": "nix-community",
        "repo": "nixpkgs.lib",
        "type": "github"
      }
    },
    "nixpkgs-lib_2": {
      "locked": {
        "lastModified": 1782614948,
        "narHash": "sha256-ePjCwr1sNm9NYUqywL7QfK3JnlS015msC+eBu2zKlp8=",
        "owner": "nix-community",
        "repo": "nixpkgs.lib",
        "rev": "db3f255737b94216eb71cce308e2912cf6bc2d7c",
        "type": "github"
      },
      "original": {
        "owner": "nix-community",
        "repo": "nixpkgs.lib",
        "type": "github"
      }
    },
    "nixpkgs-lib_3": {
      "locked": {
        "lastModified": 1782614948,
        "narHash": "sha256-ePjCwr1sNm9NYUqywL7QfK3JnlS015msC+eBu2zKlp8=",
        "owner": "nix-community",
        "repo": "nixpkgs.lib",
        "rev": "db3f255737b94216eb71cce308e2912cf6bc2d7c",
        "type": "github"
      },
      "original": {
        "owner": "nix-community",
        "repo": "nixpkgs.lib",
        "type": "github"
      }
    },
    "nixpkgs-nixcord": {
      "locked": {
        "lastModified": 1784432872,
        "narHash": "sha256-n3gKTBIV4ZA5VQpUakffBe3KGu4+mhPoA34rrqS0GkA=",
        "owner": "NixOS",
        "repo": "nixpkgs",
        "rev": "fd1462031fdee08f65fd0b4c6b64e22239a77870",
        "type": "github"
      },
      "original": {
        "owner": "NixOS",
        "ref": "nixos-26.05",
        "repo": "nixpkgs",
        "type": "github"
      }
    },
    "nixpkgs-stable": {
      "locked": {
        "lastModified": 1785002762,
        "narHash": "sha256-Y0BbgB3BLLHEUK88g4oSp3DerIx7rCX0iwICKJcY7/c=",
        "owner": "nixos",
        "repo": "nixpkgs",
        "rev": "f7a2e428f5d71c47a5a938a3c5ad7138bb291093",
        "type": "github"
      },
      "original": {
        "owner": "nixos",
        "ref": "nixos-26.05",
        "repo": "nixpkgs",
        "type": "github"
      }
    },
    "nixpkgs_2": {
      "locked": {
        "lastModified": 1785090369,
        "narHash": "sha256-m0pDuRJG7EDo9ri+4Ksu83VsI+PlxNC9lNBfydejce4=",
        "owner": "nixos",
        "repo": "nixpkgs",
        "rev": "624af665418d3c65d544145b4d34ad696439570e",
        "type": "github"
      },
      "original": {
        "owner": "nixos",
        "ref": "nixos-unstable",
        "repo": "nixpkgs",
        "type": "github"
      }
    },
    "nixpkgs_3": {
      "locked": {
        "lastModified": 1770107345,
        "narHash": "sha256-tbS0Ebx2PiA1FRW8mt8oejR0qMXmziJmPaU1d4kYY9g=",
        "owner": "nixos",
        "repo": "nixpkgs",
        "rev": "4533d9293756b63904b7238acb84ac8fe4c8c2c4",
        "type": "github"
      },
      "original": {
        "owner": "nixos",
        "ref": "nixpkgs-unstable",
        "repo": "nixpkgs",
        "type": "github"
      }
    },
    "noctalia": {
      "inputs": {
        "nixpkgs": [
          "nixpkgs"
        ]
      },
      "locked": {
        "lastModified": 1785126496,
        "narHash": "sha256-ngj07Ah3xsbGqG+3L+My9OeUSouEtPL88+XgBT3WAFY=",
        "owner": "noctalia-dev",
        "repo": "noctalia",
        "rev": "54c3a5c5adba8319a168d20bd0533a2e4ace1ecd",
        "type": "github"
      },
      "original": {
        "owner": "noctalia-dev",
        "repo": "noctalia",
        "type": "github"
      }
    },
    "noctalia-greeter": {
      "inputs": {
        "nixpkgs": [
          "nixpkgs"
        ]
      },
      "locked": {
        "lastModified": 1785030494,
        "narHash": "sha256-ck4CpAHRKhwf3w/1+CYh+UISQXD+k+HyjIL9LP9Feis=",
        "owner": "noctalia-dev",
        "repo": "noctalia-greeter",
        "rev": "32b015ff9d2c8268f9f195e719c150d2c0513814",
        "type": "github"
      },
      "original": {
        "owner": "noctalia-dev",
        "repo": "noctalia-greeter",
        "type": "github"
      }
    },
    "nvf": {
      "inputs": {
        "flake-compat": "flake-compat_3",
        "mnw": "mnw",
        "nixpkgs": [
          "nixpkgs"
        ]
      },
      "locked": {
        "lastModified": 1785093145,
        "narHash": "sha256-Wutqb+MbbcLqm03C6jKYjVVwAQPOtcUueVQv/B+3z5s=",
        "owner": "NotAShelf",
        "repo": "nvf",
        "rev": "9851d9c3e0f32e7f37139893f16f6229929649fd",
        "type": "github"
      },
      "original": {
        "owner": "NotAShelf",
        "repo": "nvf",
        "type": "github"
      }
    },
    "preservation": {
      "locked": {
        "lastModified": 1757436102,
        "narHash": "sha256-mMI9IanU+Xw+pVogD2oT0I2kTmvz2Un/Apc5+CwUpEY=",
        "owner": "nix-community",
        "repo": "preservation",
        "rev": "93416f4614ad2dfed5b0dcf12f27e57d27a5ab11",
        "type": "github"
      },
      "original": {
        "owner": "nix-community",
        "repo": "preservation",
        "type": "github"
      }
    },
    "root": {
      "inputs": {
        "disko": "disko",
        "flake-parts": "flake-parts",
        "hjem": "hjem",
        "nix-cachyos-kernel": "nix-cachyos-kernel",
        "nixcord": "nixcord",
        "nixpkgs": "nixpkgs_2",
        "nixpkgs-stable": "nixpkgs-stable",
        "noctalia": "noctalia",
        "noctalia-greeter": "noctalia-greeter",
        "nvf": "nvf",
        "preservation": "preservation",
        "sops-nix": "sops-nix",
        "treefmt-nix": "treefmt-nix",
        "wallpapers": "wallpapers",
        "zen-browser": "zen-browser"
      }
    },
    "sops-nix": {
      "inputs": {
        "nixpkgs": [
          "nixpkgs"
        ]
      },
      "locked": {
        "lastModified": 1783174389,
        "narHash": "sha256-aCWC8ngycU7OdJrU2+Je3qf+1a2ykuBvpPhZT/9tXMc=",
        "owner": "Mic92",
        "repo": "sops-nix",
        "rev": "f1406619a3884cd5c47992a70b8b35c9c0fcb4c9",
        "type": "github"
      },
      "original": {
        "owner": "Mic92",
        "repo": "sops-nix",
        "type": "github"
      }
    },
    "treefmt-nix": {
      "inputs": {
        "nixpkgs": "nixpkgs_3"
      },
      "locked": {
        "lastModified": 1784369104,
        "narHash": "sha256-47cxbcZODibHv3rELFQ9vZly0vUNkND/atn/U7HLeb0=",
        "owner": "numtide",
        "repo": "treefmt-nix",
        "rev": "df3c0640565d04a0261253cdd89fce78ec50168a",
        "type": "github"
      },
      "original": {
        "owner": "numtide",
        "repo": "treefmt-nix",
        "type": "github"
      }
    },
    "wallpapers": {
      "flake": false,
      "locked": {
        "lastModified": 1784403971,
        "narHash": "sha256-PIAhLvzqohjoJk6gPq/nJOX2lXcnq+WtgL+kB5HVidg=",
        "owner": "arieimer",
        "repo": "wallpapers",
        "rev": "6fd866cf9b8c28d200dfd213b0d8045372e50a6f",
        "type": "github"
      },
      "original": {
        "owner": "arieimer",
        "repo": "wallpapers",
        "type": "github"
      }
    },
    "zen-browser": {
      "inputs": {
        "nixpkgs": [
          "nixpkgs"
        ]
      },
      "locked": {
        "lastModified": 1785047627,
        "narHash": "sha256-W32Jxn9mnGEjDc5c7sC5YfNLzrh3n9Srkg5JbC1YYdY=",
        "owner": "youwen5",
        "repo": "zen-browser-flake",
        "rev": "0d2fc291f34fce699b2a559f74189ecfe61e30e3",
        "type": "github"
      },
      "original": {
        "owner": "youwen5",
        "repo": "zen-browser-flake",
        "type": "github"
      }
    }
  },
  "root": "root",
  "version": 7
}
